
Microsoft Visual Studio Solution File, Format Version 12.00
# Visual Studio 15
VisualStudioVersion = 15.0.28307.329
MinimumVisualStudioVersion = 10.0.40219.1
Project("{FAE04EC0-301F-11D3-BF4B-00C04F79EFBC}") = "PrismLoginRedeSocial", "PrismLoginRedeSocial\PrismLoginRedeSocial\PrismLoginRedeSocial.csproj", "{FDDC3976-327B-4A74-9AA0-D9305612955A}"
EndProject
Project("{FAE04EC0-301F-11D3-BF4B-00C04F79EFBC}") = "PrismLoginRedeSocial.Android", "PrismLoginRedeSocial\PrismLoginRedeSocial.Android\PrismLoginRedeSocial.Android.csproj", "{5F49CCBA-C2AD-4DFF-B72D-A5B8A9536F6F}"
EndProject
Project("{FAE04EC0-301F-11D3-BF4B-00C04F79EFBC}") = "PrismLoginRedeSocial.iOS", "PrismLoginRedeSocial\PrismLoginRedeSocial.iOS\PrismLoginRedeSocial.iOS.csproj", "{3B548013-0F78-497A-A688-562A4A6F2C55}"
EndProject
Project("{FAE04EC0-301F-11D3-BF4B-00C04F79EFBC}") = "PrismLoginRedeSocial.UWP", "PrismLoginRedeSocial\PrismLoginRedeSocial.UWP\PrismLoginRedeSocial.UWP.csproj", "{1C2849DC-AD1D-4AD7-96A4-39BD19670BF2}"
EndProject
Global
	GlobalSection(SolutionConfigurationPlatforms) = preSolution
		Ad-Hoc|Any CPU = Ad-Hoc|Any CPU
		Ad-Hoc|ARM = Ad-Hoc|ARM
		Ad-Hoc|iPhone = Ad-Hoc|iPhone
		Ad-Hoc|iPhoneSimulator = Ad-Hoc|iPhoneSimulator
		Ad-Hoc|x64 = Ad-Hoc|x64
		Ad-Hoc|x86 = Ad-Hoc|x86
		AppStore|Any CPU = AppStore|Any CPU
		AppStore|ARM = AppStore|ARM
		AppStore|iPhone = AppStore|iPhone
		AppStore|iPhoneSimulator = AppStore|iPhoneSimulator
		AppStore|x64 = AppStore|x64
		AppStore|x86 = AppStore|x86
		Debug|Any CPU = Debug|Any CPU
		Debug|ARM = Debug|ARM
		Debug|iPhone = Debug|iPhone
		Debug|iPhoneSimulator = Debug|iPhoneSimulator
		Debug|x64 = Debug|x64
		Debug|x86 = Debug|x86
		Release|Any CPU = Release|Any CPU
		Release|ARM = Release|ARM
		Release|iPhone = Release|iPhone
		Release|iPhoneSimulator = Release|iPhoneSimulator
		Release|x64 = Release|x64
		Release|x86 = Release|x86
	EndGlobalSection
	GlobalSection(ProjectConfigurationPlatforms) = postSolution
		{FDDC3976-327B-4A74-9AA0-D9305612955A}.Ad-Hoc|Any CPU.ActiveCfg = Debug|Any CPU
		{FDDC3976-327B-4A74-9AA0-D9305612955A}.Ad-Hoc|Any CPU.Build.0 = Debug|Any CPU
		{FDDC3976-327B-4A74-9AA0-D9305612955A}.Ad-Hoc|ARM.ActiveCfg = Debug|Any CPU
		{FDDC3976-327B-4A74-9AA0-D9305612955A}.Ad-Hoc|ARM.Build.0 = Debug|Any CPU
		{FDDC3976-327B-4A74-9AA0-D9305612955A}.Ad-Hoc|iPhone.ActiveCfg = Debug|Any CPU
		{FDDC3976-327B-4A74-9AA0-D9305612955A}.Ad-Hoc|iPhone.Build.0 = Debug|Any CPU
		{FDDC3976-327B-4A74-9AA0-D9305612955A}.Ad-Hoc|iPhoneSimulator.ActiveCfg = Debug|Any CPU
		{FDDC3976-327B-4A74-9AA0-D9305612955A}.Ad-Hoc|iPhoneSimulator.Build.0 = Debug|Any CPU
		{FDDC3976-327B-4A74-9AA0-D9305612955A}.Ad-Hoc|x64.ActiveCfg = Debug|Any CPU
		{FDDC3976-327B-4A74-9AA0-D9305612955A}.Ad-Hoc|x64.Build.0 = Debug|Any CPU
		{FDDC3976-327B-4A74-9AA0-D9305612955A}.Ad-Hoc|x86.ActiveCfg = Debug|Any CPU
		{FDDC3976-327B-4A74-9AA0-D9305612955A}.Ad-Hoc|x86.Build.0 = Debug|Any CPU
		{FDDC3976-327B-4A74-9AA0-D9305612955A}.AppStore|Any CPU.ActiveCfg = Debug|Any CPU
		{FDDC3976-327B-4A74-9AA0-D9305612955A}.AppStore|Any CPU.Build.0 = Debug|Any CPU
		{FDDC3976-327B-4A74-9AA0-D9305612955A}.AppStore|ARM.ActiveCfg = Debug|Any CPU
		{FDDC3976-327B-4A74-9AA0-D9305612955A}.AppStore|ARM.Build.0 = Debug|Any CPU
		{FDDC3976-327B-4A74-9AA0-D9305612955A}.AppStore|iPhone.ActiveCfg = Debug|Any CPU
		{FDDC3976-327B-4A74-9AA0-D9305612955A}.AppStore|iPhone.Build.0 = Debug|Any CPU
		{FDDC3976-327B-4A74-9AA0-D9305612955A}.AppStore|iPhoneSimulator.ActiveCfg = Debug|Any CPU
		{FDDC3976-327B-4A74-9AA0-D9305612955A}.AppStore|iPhoneSimulator.Build.0 = Debug|Any CPU
		{FDDC3976-327B-4A74-9AA0-D9305612955A}.AppStore|x64.ActiveCfg = Debug|Any CPU
		{FDDC3976-327B-4A74-9AA0-D9305612955A}.AppStore|x64.Build.0 = Debug|Any CPU
		{FDDC3976-327B-4A74-9AA0-D9305612955A}.AppStore|x86.ActiveCfg = Debug|Any CPU
		{FDDC3976-327B-4A74-9AA0-D9305612955A}.AppStore|x86.Build.0 = Debug|Any CPU
		{FDDC3976-327B-4A74-9AA0-D9305612955A}.Debug|Any CPU.ActiveCfg = Debug|Any CPU
		{FDDC3976-327B-4A74-9AA0-D9305612955A}.Debug|Any CPU.Build.0 = Debug|Any CPU
		{FDDC3976-327B-4A74-9AA0-D9305612955A}.Debug|ARM.ActiveCfg = Debug|Any CPU
		{FDDC3976-327B-4A74-9AA0-D9305612955A}.Debug|ARM.Build.0 = Debug|Any CPU
		{FDDC3976-327B-4A74-9AA0-D9305612955A}.Debug|iPhone.ActiveCfg = Debug|Any CPU
		{FDDC3976-327B-4A74-9AA0-D9305612955A}.Debug|iPhone.Build.0 = Debug|Any CPU
		{FDDC3976-327B-4A74-9AA0-D9305612955A}.Debug|iPhoneSimulator.ActiveCfg = Debug|Any CPU
		{FDDC3976-327B-4A74-9AA0-D9305612955A}.Debug|iPhoneSimulator.Build.0 = Debug|Any CPU
		{FDDC3976-327B-4A74-9AA0-D9305612955A}.Debug|x64.ActiveCfg = Debug|Any CPU
		{FDDC3976-327B-4A74-9AA0-D9305612955A}.Debug|x64.Build.0 = Debug|Any CPU
		{FDDC3976-327B-4A74-9AA0-D9305612955A}.Debug|x86.ActiveCfg = Debug|Any CPU
		{FDDC3976-327B-4A74-9AA0-D9305612955A}.Debug|x86.Build.0 = Debug|Any CPU
		{FDDC3976-327B-4A74-9AA0-D9305612955A}.Release|Any CPU.ActiveCfg = Release|Any CPU
		{FDDC3976-327B-4A74-9AA0-D9305612955A}.Release|Any CPU.Build.0 = Release|Any CPU
		{FDDC3976-327B-4A74-9AA0-D9305612955A}.Release|ARM.ActiveCfg = Release|Any CPU
		{FDDC3976-327B-4A74-9AA0-D9305612955A}.Release|ARM.Build.0 = Release|Any CPU
		{FDDC3976-327B-4A74-9AA0-D9305612955A}.Release|iPhone.ActiveCfg = Release|Any CPU
		{FDDC3976-327B-4A74-9AA0-D9305612955A}.Release|iPhone.Build.0 = Release|Any CPU
		{FDDC3976-327B-4A74-9AA0-D9305612955A}.Release|iPhoneSimulator.ActiveCfg = Release|Any CPU
		{FDDC3976-327B-4A74-9AA0-D9305612955A}.Release|iPhoneSimulator.Build.0 = Release|Any CPU
		{FDDC3976-327B-4A74-9AA0-D9305612955A}.Release|x64.ActiveCfg = Release|Any CPU
		{FDDC3976-327B-4A74-9AA0-D9305612955A}.Release|x64.Build.0 = Release|Any CPU
		{FDDC3976-327B-4A74-9AA0-D9305612955A}.Release|x86.ActiveCfg = Release|Any CPU
		{FDDC3976-327B-4A74-9AA0-D9305612955A}.Release|x86.Build.0 = Release|Any CPU
		{5F49CCBA-C2AD-4DFF-B72D-A5B8A9536F6F}.Ad-Hoc|Any CPU.ActiveCfg = Release|Any CPU
		{5F49CCBA-C2AD-4DFF-B72D-A5B8A9536F6F}.Ad-Hoc|Any CPU.Build.0 = Release|Any CPU
		{5F49CCBA-C2AD-4DFF-B72D-A5B8A9536F6F}.Ad-Hoc|Any CPU.Deploy.0 = Release|Any CPU
		{5F49CCBA-C2AD-4DFF-B72D-A5B8A9536F6F}.Ad-Hoc|ARM.ActiveCfg = Release|Any CPU
		{5F49CCBA-C2AD-4DFF-B72D-A5B8A9536F6F}.Ad-Hoc|ARM.Build.0 = Release|Any CPU
		{5F49CCBA-C2AD-4DFF-B72D-A5B8A9536F6F}.Ad-Hoc|ARM.Deploy.0 = Release|Any CPU
		{5F49CCBA-C2AD-4DFF-B72D-A5B8A9536F6F}.Ad-Hoc|iPhone.ActiveCfg = Release|Any CPU
		{5F49CCBA-C2AD-4DFF-B72D-A5B8A9536F6F}.Ad-Hoc|iPhone.Build.0 = Release|Any CPU
		{5F49CCBA-C2AD-4DFF-B72D-A5B8A9536F6F}.Ad-Hoc|iPhone.Deploy.0 = Release|Any CPU
		{5F49CCBA-C2AD-4DFF-B72D-A5B8A9536F6F}.Ad-Hoc|iPhoneSimulator.ActiveCfg = Release|Any CPU
		{5F49CCBA-C2AD-4DFF-B72D-A5B8A9536F6F}.Ad-Hoc|iPhoneSimulator.Build.0 = Release|Any CPU
		{5F49CCBA-C2AD-4DFF-B72D-A5B8A9536F6F}.Ad-Hoc|iPhoneSimulator.Deploy.0 = Release|Any CPU
		{5F49CCBA-C2AD-4DFF-B72D-A5B8A9536F6F}.Ad-Hoc|x64.ActiveCfg = Release|Any CPU
		{5F49CCBA-C2AD-4DFF-B72D-A5B8A9536F6F}.Ad-Hoc|x64.Build.0 = Release|Any CPU
		{5F49CCBA-C2AD-4DFF-B72D-A5B8A9536F6F}.Ad-Hoc|x64.Deploy.0 = Release|Any CPU
		{5F49CCBA-C2AD-4DFF-B72D-A5B8A9536F6F}.Ad-Hoc|x86.ActiveCfg = Release|Any CPU
		{5F49CCBA-C2AD-4DFF-B72D-A5B8A9536F6F}.Ad-Hoc|x86.Build.0 = Release|Any CPU
		{5F49CCBA-C2AD-4DFF-B72D-A5B8A9536F6F}.Ad-Hoc|x86.Deploy.0 = Release|Any CPU
		{5F49CCBA-C2AD-4DFF-B72D-A5B8A9536F6F}.AppStore|Any CPU.ActiveCfg = Release|Any CPU
		{5F49CCBA-C2AD-4DFF-B72D-A5B8A9536F6F}.AppStore|Any CPU.Build.0 = Release|Any CPU
		{5F49CCBA-C2AD-4DFF-B72D-A5B8A9536F6F}.AppStore|Any CPU.Deploy.0 = Release|Any CPU
		{5F49CCBA-C2AD-4DFF-B72D-A5B8A9536F6F}.AppStore|ARM.ActiveCfg = Release|Any CPU
		{5F49CCBA-C2AD-4DFF-B72D-A5B8A9536F6F}.AppStore|ARM.Build.0 = Release|Any CPU
		{5F49CCBA-C2AD-4DFF-B72D-A5B8A9536F6F}.AppStore|ARM.Deploy.0 = Release|Any CPU
		{5F49CCBA-C2AD-4DFF-B72D-A5B8A9536F6F}.AppStore|iPhone.ActiveCfg = Release|Any CPU
		{5F49CCBA-C2AD-4DFF-B72D-A5B8A9536F6F}.AppStore|iPhone.Build.0 = Release|Any CPU
		{5F49CCBA-C2AD-4DFF-B72D-A5B8A9536F6F}.AppStore|iPhone.Deploy.0 = Release|Any CPU
		{5F49CCBA-C2AD-4DFF-B72D-A5B8A9536F6F}.AppStore|iPhoneSimulator.ActiveCfg = Release|Any CPU
		{5F49CCBA-C2AD-4DFF-B72D-A5B8A9536F6F}.AppStore|iPhoneSimulator.Build.0 = Release|Any CPU
		{5F49CCBA-C2AD-4DFF-B72D-A5B8A9536F6F}.AppStore|iPhoneSimulator.Deploy.0 = Release|Any CPU
		{5F49CCBA-C2AD-4DFF-B72D-A5B8A9536F6F}.AppStore|x64.ActiveCfg = Release|Any CPU
		{5F49CCBA-C2AD-4DFF-B72D-A5B8A9536F6F}.AppStore|x64.Build.0 = Release|Any CPU
		{5F49CCBA-C2AD-4DFF-B72D-A5B8A9536F6F}.AppStore|x64.Deploy.0 = Release|Any CPU
		{5F49CCBA-C2AD-4DFF-B72D-A5B8A9536F6F}.AppStore|x86.ActiveCfg = Release|Any CPU
		{5F49CCBA-C2AD-4DFF-B72D-A5B8A9536F6F}.AppStore|x86.Build.0 = Release|Any CPU
		{5F49CCBA-C2AD-4DFF-B72D-A5B8A9536F6F}.AppStore|x86.Deploy.0 = Release|Any CPU
		{5F49CCBA-C2AD-4DFF-B72D-A5B8A9536F6F}.Debug|Any CPU.ActiveCfg = Debug|Any CPU
		{5F49CCBA-C2AD-4DFF-B72D-A5B8A9536F6F}.Debug|Any CPU.Build.0 = Debug|Any CPU
		{5F49CCBA-C2AD-4DFF-B72D-A5B8A9536F6F}.Debug|Any CPU.Deploy.0 = Debug|Any CPU
		{5F49CCBA-C2AD-4DFF-B72D-A5B8A9536F6F}.Debug|ARM.ActiveCfg = Debug|Any CPU
		{5F49CCBA-C2AD-4DFF-B72D-A5B8A9536F6F}.Debug|ARM.Build.0 = Debug|Any CPU
		{5F49CCBA-C2AD-4DFF-B72D-A5B8A9536F6F}.Debug|ARM.Deploy.0 = Debug|Any CPU
		{5F49CCBA-C2AD-4DFF-B72D-A5B8A9536F6F}.Debug|iPhone.ActiveCfg = Debug|Any CPU
		{5F49CCBA-C2AD-4DFF-B72D-A5B8A9536F6F}.Debug|iPhone.Build.0 = Debug|Any CPU
		{5F49CCBA-C2AD-4DFF-B72D-A5B8A9536F6F}.Debug|iPhone.Deploy.0 = Debug|Any CPU
		{5F49CCBA-C2AD-4DFF-B72D-A5B8A9536F6F}.Debug|iPhoneSimulator.ActiveCfg = Debug|Any CPU
		{5F49CCBA-C2AD-4DFF-B72D-A5B8A9536F6F}.Debug|iPhoneSimulator.Build.0 = Debug|Any CPU
		{5F49CCBA-C2AD-4DFF-B72D-A5B8A9536F6F}.Debug|iPhoneSimulator.Deploy.0 = Debug|Any CPU
		{5F49CCBA-C2AD-4DFF-B72D-A5B8A9536F6F}.Debug|x64.ActiveCfg = Debug|Any CPU
		{5F49CCBA-C2AD-4DFF-B72D-A5B8A9536F6F}.Debug|x64.Build.0 = Debug|Any CPU
		{5F49CCBA-C2AD-4DFF-B72D-A5B8A9536F6F}.Debug|x64.Deploy.0 = Debug|Any CPU
		{5F49CCBA-C2AD-4DFF-B72D-A5B8A9536F6F}.Debug|x86.ActiveCfg = Debug|Any CPU
		{5F49CCBA-C2AD-4DFF-B72D-A5B8A9536F6F}.Debug|x86.Build.0 = Debug|Any CPU
		{5F49CCBA-C2AD-4DFF-B72D-A5B8A9536F6F}.Debug|x86.Deploy.0 = Debug|Any CPU
		{5F49CCBA-C2AD-4DFF-B72D-A5B8A9536F6F}.Release|Any CPU.ActiveCfg = Release|Any CPU
		{5F49CCBA-C2AD-4DFF-B72D-A5B8A9536F6F}.Release|Any CPU.Build.0 = Release|Any CPU
		{5F49CCBA-C2AD-4DFF-B72D-A5B8A9536F6F}.Release|Any CPU.Deploy.0 = Release|Any CPU
		{5F49CCBA-C2AD-4DFF-B72D-A5B8A9536F6F}.Release|ARM.ActiveCfg = Release|Any CPU
		{5F49CCBA-C2AD-4DFF-B72D-A5B8A9536F6F}.Release|ARM.Build.0 = Release|Any CPU
		{5F49CCBA-C2AD-4DFF-B72D-A5B8A9536F6F}.Release|ARM.Deploy.0 = Release|Any CPU
		{5F49CCBA-C2AD-4DFF-B72D-A5B8A9536F6F}.Release|iPhone.ActiveCfg = Release|Any CPU
		{5F49CCBA-C2AD-4DFF-B72D-A5B8A9536F6F}.Release|iPhone.Build.0 = Release|Any CPU
		{5F49CCBA-C2AD-4DFF-B72D-A5B8A9536F6F}.Release|iPhone.Deploy.0 = Release|Any CPU
		{5F49CCBA-C2AD-4DFF-B72D-A5B8A9536F6F}.Release|iPhoneSimulator.ActiveCfg = Release|Any CPU
		{5F49CCBA-C2AD-4DFF-B72D-A5B8A9536F6F}.Release|iPhoneSimulator.Build.0 = Release|Any CPU
		{5F49CCBA-C2AD-4DFF-B72D-A5B8A9536F6F}.Release|iPhoneSimulator.Deploy.0 = Release|Any CPU
		{5F49CCBA-C2AD-4DFF-B72D-A5B8A9536F6F}.Release|x64.ActiveCfg = Release|Any CPU
		{5F49CCBA-C2AD-4DFF-B72D-A5B8A9536F6F}.Release|x64.Build.0 = Release|Any CPU
		{5F49CCBA-C2AD-4DFF-B72D-A5B8A9536F6F}.Release|x64.Deploy.0 = Release|Any CPU
		{5F49CCBA-C2AD-4DFF-B72D-A5B8A9536F6F}.Release|x86.ActiveCfg = Release|Any CPU
		{5F49CCBA-C2AD-4DFF-B72D-A5B8A9536F6F}.Release|x86.Build.0 = Release|Any CPU
		{5F49CCBA-C2AD-4DFF-B72D-A5B8A9536F6F}.Release|x86.Deploy.0 = Release|Any CPU
		{3B548013-0F78-497A-A688-562A4A6F2C55}.Ad-Hoc|Any CPU.ActiveCfg = Ad-Hoc|iPhone
		{3B548013-0F78-497A-A688-562A4A6F2C55}.Ad-Hoc|ARM.ActiveCfg = Ad-Hoc|iPhone
		{3B548013-0F78-497A-A688-562A4A6F2C55}.Ad-Hoc|iPhone.ActiveCfg = Ad-Hoc|iPhone
		{3B548013-0F78-497A-A688-562A4A6F2C55}.Ad-Hoc|iPhone.Build.0 = Ad-Hoc|iPhone
		{3B548013-0F78-497A-A688-562A4A6F2C55}.Ad-Hoc|iPhoneSimulator.ActiveCfg = Ad-Hoc|iPhoneSimulator
		{3B548013-0F78-497A-A688-562A4A6F2C55}.Ad-Hoc|iPhoneSimulator.Build.0 = Ad-Hoc|iPhoneSimulator
		{3B548013-0F78-497A-A688-562A4A6F2C55}.Ad-Hoc|x64.ActiveCfg = Ad-Hoc|iPhone
		{3B548013-0F78-497A-A688-562A4A6F2C55}.Ad-Hoc|x86.ActiveCfg = Ad-Hoc|iPhone
		{3B548013-0F78-497A-A688-562A4A6F2C55}.AppStore|Any CPU.ActiveCfg = AppStore|iPhone
		{3B548013-0F78-497A-A688-562A4A6F2C55}.AppStore|ARM.ActiveCfg = AppStore|iPhone
		{3B548013-0F78-497A-A688-562A4A6F2C55}.AppStore|iPhone.ActiveCfg = AppStore|iPhone
		{3B548013-0F78-497A-A688-562A4A6F2C55}.AppStore|iPhone.Build.0 = AppStore|iPhone
		{3B548013-0F78-497A-A688-562A4A6F2C55}.AppStore|iPhoneSimulator.ActiveCfg = AppStore|iPhoneSimulator
		{3B548013-0F78-497A-A688-562A4A6F2C55}.AppStore|iPhoneSimulator.Build.0 = AppStore|iPhoneSimulator
		{3B548013-0F78-497A-A688-562A4A6F2C55}.AppStore|x64.ActiveCfg = AppStore|iPhone
		{3B548013-0F78-497A-A688-562A4A6F2C55}.AppStore|x86.ActiveCfg = AppStore|iPhone
		{3B548013-0F78-497A-A688-562A4A6F2C55}.Debug|Any CPU.ActiveCfg = Debug|iPhone
		{3B548013-0F78-497A-A688-562A4A6F2C55}.Debug|ARM.ActiveCfg = Debug|iPhone
		{3B548013-0F78-497A-A688-562A4A6F2C55}.Debug|iPhone.ActiveCfg = Debug|iPhone
		{3B548013-0F78-497A-A688-562A4A6F2C55}.Debug|iPhone.Build.0 = Debug|iPhone
		{3B548013-0F78-497A-A688-562A4A6F2C55}.Debug|iPhoneSimulator.ActiveCfg = Debug|iPhoneSimulator
		{3B548013-0F78-497A-A688-562A4A6F2C55}.Debug|iPhoneSimulator.Build.0 = Debug|iPhoneSimulator
		{3B548013-0F78-497A-A688-562A4A6F2C55}.Debug|x64.ActiveCfg = Debug|iPhone
		{3B548013-0F78-497A-A688-562A4A6F2C55}.Debug|x86.ActiveCfg = Debug|iPhone
		{3B548013-0F78-497A-A688-562A4A6F2C55}.Release|Any CPU.ActiveCfg = Release|iPhone
		{3B548013-0F78-497A-A688-562A4A6F2C55}.Release|ARM.ActiveCfg = Release|iPhone
		{3B548013-0F78-497A-A688-562A4A6F2C55}.Release|iPhone.ActiveCfg = Release|iPhone
		{3B548013-0F78-497A-A688-562A4A6F2C55}.Release|iPhone.Build.0 = Release|iPhone
		{3B548013-0F78-497A-A688-562A4A6F2C55}.Release|iPhoneSimulator.ActiveCfg = Release|iPhoneSimulator
		{3B548013-0F78-497A-A688-562A4A6F2C55}.Release|iPhoneSimulator.Build.0 = Release|iPhoneSimulator
		{3B548013-0F78-497A-A688-562A4A6F2C55}.Release|x64.ActiveCfg = Release|iPhone
		{3B548013-0F78-497A-A688-562A4A6F2C55}.Release|x86.ActiveCfg = Release|iPhone
		{1C2849DC-AD1D-4AD7-96A4-39BD19670BF2}.Ad-Hoc|Any CPU.ActiveCfg = Release|x86
		{1C2849DC-AD1D-4AD7-96A4-39BD19670BF2}.Ad-Hoc|Any CPU.Build.0 = Release|x86
		{1C2849DC-AD1D-4AD7-96A4-39BD19670BF2}.Ad-Hoc|Any CPU.Deploy.0 = Release|x86
		{1C2849DC-AD1D-4AD7-96A4-39BD19670BF2}.Ad-Hoc|ARM.ActiveCfg = Release|ARM
		{1C2849DC-AD1D-4AD7-96A4-39BD19670BF2}.Ad-Hoc|ARM.Build.0 = Release|ARM
		{1C2849DC-AD1D-4AD7-96A4-39BD19670BF2}.Ad-Hoc|ARM.Deploy.0 = Release|ARM
		{1C2849DC-AD1D-4AD7-96A4-39BD19670BF2}.Ad-Hoc|iPhone.ActiveCfg = Release|x86
		{1C2849DC-AD1D-4AD7-96A4-39BD19670BF2}.Ad-Hoc|iPhone.Build.0 = Release|x86
		{1C2849DC-AD1D-4AD7-96A4-39BD19670BF2}.Ad-Hoc|iPhone.Deploy.0 = Release|x86
		{1C2849DC-AD1D-4AD7-96A4-39BD19670BF2}.Ad-Hoc|iPhoneSimulator.ActiveCfg = Release|x86
		{1C2849DC-AD1D-4AD7-96A4-39BD19670BF2}.Ad-Hoc|iPhoneSimulator.Build.0 = Release|x86
		{1C2849DC-AD1D-4AD7-96A4-39BD19670BF2}.Ad-Hoc|iPhoneSimulator.Deploy.0 = Release|x86
		{1C2849DC-AD1D-4AD7-96A4-39BD19670BF2}.Ad-Hoc|x64.ActiveCfg = Release|x64
		{1C2849DC-AD1D-4AD7-96A4-39BD19670BF2}.Ad-Hoc|x64.Build.0 = Release|x64
		{1C2849DC-AD1D-4AD7-96A4-39BD19670BF2}.Ad-Hoc|x64.Deploy.0 = Release|x64
		{1C2849DC-AD1D-4AD7-96A4-39BD19670BF2}.Ad-Hoc|x86.ActiveCfg = Release|x86
		{1C2849DC-AD1D-4AD7-96A4-39BD19670BF2}.Ad-Hoc|x86.Build.0 = Release|x86
		{1C2849DC-AD1D-4AD7-96A4-39BD19670BF2}.Ad-Hoc|x86.Deploy.0 = Release|x86
		{1C2849DC-AD1D-4AD7-96A4-39BD19670BF2}.AppStore|Any CPU.ActiveCfg = Release|x86
		{1C2849DC-AD1D-4AD7-96A4-39BD19670BF2}.AppStore|Any CPU.Build.0 = Release|x86
		{1C2849DC-AD1D-4AD7-96A4-39BD19670BF2}.AppStore|Any CPU.Deploy.0 = Release|x86
		{1C2849DC-AD1D-4AD7-96A4-39BD19670BF2}.AppStore|ARM.ActiveCfg = Release|ARM
		{1C2849DC-AD1D-4AD7-96A4-39BD19670BF2}.AppStore|ARM.Build.0 = Release|ARM
		{1C2849DC-AD1D-4AD7-96A4-39BD19670BF2}.AppStore|ARM.Deploy.0 = Release|ARM
		{1C2849DC-AD1D-4AD7-96A4-39BD19670BF2}.AppStore|iPhone.ActiveCfg = Release|x86
		{1C2849DC-AD1D-4AD7-96A4-39BD19670BF2}.AppStore|iPhone.Build.0 = Release|x86
		{1C2849DC-AD1D-4AD7-96A4-39BD19670BF2}.AppStore|iPhone.Deploy.0 = Release|x86
		{1C2849DC-AD1D-4AD7-96A4-39BD19670BF2}.AppStore|iPhoneSimulator.ActiveCfg = Release|x86
		{1C2849DC-AD1D-4AD7-96A4-39BD19670BF2}.AppStore|iPhoneSimulator.Build.0 = Release|x86
		{1C2849DC-AD1D-4AD7-96A4-39BD19670BF2}.AppStore|iPhoneSimulator.Deploy.0 = Release|x86
		{1C2849DC-AD1D-4AD7-96A4-39BD19670BF2}.AppStore|x64.ActiveCfg = Release|x64
		{1C2849DC-AD1D-4AD7-96A4-39BD19670BF2}.AppStore|x64.Build.0 = Release|x64
		{1C2849DC-AD1D-4AD7-96A4-39BD19670BF2}.AppStore|x64.Deploy.0 = Release|x64
		{1C2849DC-AD1D-4AD7-96A4-39BD19670BF2}.AppStore|x86.ActiveCfg = Release|x86
		{1C2849DC-AD1D-4AD7-96A4-39BD19670BF2}.AppStore|x86.Build.0 = Release|x86
		{1C2849DC-AD1D-4AD7-96A4-39BD19670BF2}.AppStore|x86.Deploy.0 = Release|x86
		{1C2849DC-AD1D-4AD7-96A4-39BD19670BF2}.Debug|Any CPU.ActiveCfg = Debug|x86
		{1C2849DC-AD1D-4AD7-96A4-39BD19670BF2}.Debug|ARM.ActiveCfg = Debug|ARM
		{1C2849DC-AD1D-4AD7-96A4-39BD19670BF2}.Debug|ARM.Build.0 = Debug|ARM
		{1C2849DC-AD1D-4AD7-96A4-39BD19670BF2}.Debug|ARM.Deploy.0 = Debug|ARM
		{1C2849DC-AD1D-4AD7-96A4-39BD19670BF2}.Debug|iPhone.ActiveCfg = Debug|x86
		{1C2849DC-AD1D-4AD7-96A4-39BD19670BF2}.Debug|iPhoneSimulator.ActiveCfg = Debug|x86
		{1C2849DC-AD1D-4AD7-96A4-39BD19670BF2}.Debug|x64.ActiveCfg = Debug|x64
		{1C2849DC-AD1D-4AD7-96A4-39BD19670BF2}.Debug|x64.Build.0 = Debug|x64
		{1C2849DC-AD1D-4AD7-96A4-39BD19670BF2}.Debug|x64.Deploy.0 = Debug|x64
		{1C2849DC-AD1D-4AD7-96A4-39BD19670BF2}.Debug|x86.ActiveCfg = Debug|x86
		{1C2849DC-AD1D-4AD7-96A4-39BD19670BF2}.Debug|x86.Build.0 = Debug|x86
		{1C2849DC-AD1D-4AD7-96A4-39BD19670BF2}.Debug|x86.Deploy.0 = Debug|x86
		{1C2849DC-AD1D-4AD7-96A4-39BD19670BF2}.Release|Any CPU.ActiveCfg = Release|x86
		{1C2849DC-AD1D-4AD7-96A4-39BD19670BF2}.Release|ARM.ActiveCfg = Release|ARM
		{1C2849DC-AD1D-4AD7-96A4-39BD19670BF2}.Release|ARM.Build.0 = Release|ARM
		{1C2849DC-AD1D-4AD7-96A4-39BD19670BF2}.Release|ARM.Deploy.0 = Release|ARM
		{1C2849DC-AD1D-4AD7-96A4-39BD19670BF2}.Release|iPhone.ActiveCfg = Release|x86
		{1C2849DC-AD1D-4AD7-96A4-39BD19670BF2}.Release|iPhoneSimulator.ActiveCfg = Release|x86
		{1C2849DC-AD1D-4AD7-96A4-39BD19670BF2}.Release|x64.ActiveCfg = Release|x64
		{1C2849DC-AD1D-4AD7-96A4-39BD19670BF2}.Release|x64.Build.0 = Release|x64
		{1C2849DC-AD1D-4AD7-96A4-39BD19670BF2}.Release|x64.Deploy.0 = Release|x64
		{1C2849DC-AD1D-4AD7-96A4-39BD19670BF2}.Release|x86.ActiveCfg = Release|x86
		{1C2849DC-AD1D-4AD7-96A4-39BD19670BF2}.Release|x86.Build.0 = Release|x86
		{1C2849DC-AD1D-4AD7-96A4-39BD19670BF2}.Release|x86.Deploy.0 = Release|x86
	EndGlobalSection
	GlobalSection(SolutionProperties) = preSolution
		HideSolutionNode = FALSE
	EndGlobalSection
	GlobalSection(ExtensibilityGlobals) = postSolution
		SolutionGuid = {0CBA2BA3-BB84-4BA7-ADD7-A99143355F78}
	EndGlobalSection
EndGlobal
